
Microsoft Visual Studio Solution File, Format Version 12.00
# Visual Studio 15
VisualStudioVersion = 15.0.28307.779
MinimumVisualStudioVersion = 10.0.40219.1
Project("{8BC9CEB8-8B4A-11D0-8D11-00A0C91BC942}") = "readlastest", "readlastest\readlastest.vcxproj", "{A75B8E2A-7ECE-44D3-86EF-FEE90713C6A8}"
EndProject
Project("{8BC9CEB8-8B4A-11D0-8D11-00A0C91BC942}") = "readlas", "readlas\readlas.vcxproj", "{03364106-39A6-4C4D-B07F-0E7C6602A5E5}"
EndProject
Project("{8BC9CEB8-8B4A-11D0-8D11-00A0C91BC942}") = "readlasLaslibtest", "readlasLaslibtest\readlasLaslibtest.vcxproj", "{627CA314-1C0E-472A-9A7F-BBA255A8813A}"
EndProject
Global
	GlobalSection(SolutionConfigurationPlatforms) = preSolution
		Debug|x64 = Debug|x64
		Debug|x86 = Debug|x86
		Release|x64 = Release|x64
		Release|x86 = Release|x86
	EndGlobalSection
	GlobalSection(ProjectConfigurationPlatforms) = postSolution
		{A75B8E2A-7ECE-44D3-86EF-FEE90713C6A8}.Debug|x64.ActiveCfg = Debug|x64
		{A75B8E2A-7ECE-44D3-86EF-FEE90713C6A8}.Debug|x64.Build.0 = Debug|x64
		{A75B8E2A-7ECE-44D3-86EF-FEE90713C6A8}.Debug|x86.ActiveCfg = Debug|Win32
		{A75B8E2A-7ECE-44D3-86EF-FEE90713C6A8}.Debug|x86.Build.0 = Debug|Win32
		{A75B8E2A-7ECE-44D3-86EF-FEE90713C6A8}.Release|x64.ActiveCfg = Release|x64
		{A75B8E2A-7ECE-44D3-86EF-FEE90713C6A8}.Release|x64.Build.0 = Release|x64
		{A75B8E2A-7ECE-44D3-86EF-FEE90713C6A8}.Release|x86.ActiveCfg = Release|Win32
		{A75B8E2A-7ECE-44D3-86EF-FEE90713C6A8}.Release|x86.Build.0 = Release|Win32
		{03364106-39A6-4C4D-B07F-0E7C6602A5E5}.Debug|x64.ActiveCfg = Debug|x64
		{03364106-39A6-4C4D-B07F-0E7C6602A5E5}.Debug|x64.Build.0 = Debug|x64
		{03364106-39A6-4C4D-B07F-0E7C6602A5E5}.Debug|x86.ActiveCfg = Debug|Win32
		{03364106-39A6-4C4D-B07F-0E7C6602A5E5}.Debug|x86.Build.0 = Debug|Win32
		{03364106-39A6-4C4D-B07F-0E7C6602A5E5}.Release|x64.ActiveCfg = Release|x64
		{03364106-39A6-4C4D-B07F-0E7C6602A5E5}.Release|x64.Build.0 = Release|x64
		{03364106-39A6-4C4D-B07F-0E7C6602A5E5}.Release|x86.ActiveCfg = Release|Win32
		{03364106-39A6-4C4D-B07F-0E7C6602A5E5}.Release|x86.Build.0 = Release|Win32
		{627CA314-1C0E-472A-9A7F-BBA255A8813A}.Debug|x64.ActiveCfg = Debug|x64
		{627CA314-1C0E-472A-9A7F-BBA255A8813A}.Debug|x64.Build.0 = Debug|x64
		{627CA314-1C0E-472A-9A7F-BBA255A8813A}.Debug|x86.ActiveCfg = Debug|Win32
		{627CA314-1C0E-472A-9A7F-BBA255A8813A}.Debug|x86.Build.0 = Debug|Win32
		{627CA314-1C0E-472A-9A7F-BBA255A8813A}.Release|x64.ActiveCfg = Release|x64
		{627CA314-1C0E-472A-9A7F-BBA255A8813A}.Release|x64.Build.0 = Release|x64
		{627CA314-1C0E-472A-9A7F-BBA255A8813A}.Release|x86.ActiveCfg = Release|Win32
		{627CA314-1C0E-472A-9A7F-BBA255A8813A}.Release|x86.Build.0 = Release|Win32
	EndGlobalSection
	GlobalSection(SolutionProperties) = preSolution
		HideSolutionNode = FALSE
	EndGlobalSection
	GlobalSection(ExtensibilityGlobals) = postSolution
		SolutionGuid = {EEEB7E1F-2FC0-4FDE-B5C7-E4CB7375ECCA}
	EndGlobalSection
EndGlobal
